
Microsoft Visual Studio Solution File, Format Version 12.00
# Visual Studio Version 17
VisualStudioVersion = 17.9.34616.47
MinimumVisualStudioVersion = 10.0.40219.1
Project("{9A19103F-16F7-4668-BE54-9A1E7A4F7556}") = "POE_CLDV2B", "POE_CLDV2B.csproj", "{94059A6A-CF62-4323-8307-41AC5576748C}"
EndProject
Project("{FAE04EC0-301F-11D3-BF4B-00C04F79EFBC}") = "St10318521_CLDV_Part2", "..\St10318521_CLDV_Part2\St10318521_CLDV_Part2.csproj", "{3A3D44ED-F897-40F2-B53E-686E5B3A04D0}"
EndProject
Global
	GlobalSection(SolutionConfigurationPlatforms) = preSolution
		Debug|Any CPU = Debug|Any CPU
		Release|Any CPU = Release|Any CPU
	EndGlobalSection
	GlobalSection(ProjectConfigurationPlatforms) = postSolution
		{94059A6A-CF62-4323-8307-41AC5576748C}.Debug|Any CPU.ActiveCfg = Debug|Any CPU
		{94059A6A-CF62-4323-8307-41AC5576748C}.Debug|Any CPU.Build.0 = Debug|Any CPU
		{94059A6A-CF62-4323-8307-41AC5576748C}.Release|Any CPU.ActiveCfg = Release|Any CPU
		{94059A6A-CF62-4323-8307-41AC5576748C}.Release|Any CPU.Build.0 = Release|Any CPU
		{3A3D44ED-F897-40F2-B53E-686E5B3A04D0}.Debug|Any CPU.ActiveCfg = Debug|Any CPU
		{3A3D44ED-F897-40F2-B53E-686E5B3A04D0}.Debug|Any CPU.Build.0 = Debug|Any CPU
		{3A3D44ED-F897-40F2-B53E-686E5B3A04D0}.Release|Any CPU.ActiveCfg = Release|Any CPU
		{3A3D44ED-F897-40F2-B53E-686E5B3A04D0}.Release|Any CPU.Build.0 = Release|Any CPU
	EndGlobalSection
	GlobalSection(SolutionProperties) = preSolution
		HideSolutionNode = FALSE
	EndGlobalSection
	GlobalSection(ExtensibilityGlobals) = postSolution
		SolutionGuid = {5B19C7D5-4D5E-4886-9B69-754775E31261}
	EndGlobalSection
EndGlobal
